
Microsoft Visual Studio Solution File, Format Version 12.00
# Visual Studio Version 16
VisualStudioVersion = 16.0.30611.23
MinimumVisualStudioVersion = 10.0.40219.1
Project("{2150E333-8FDC-42A3-9474-1A3956D46DE8}") = "ArrayDataStructures", "ArrayDataStructures", "{A60187A9-5D8A-4F7C-A35F-EB6CBFFC30FC}"
EndProject
Project("{9A19103F-16F7-4668-BE54-9A1E7A4F7556}") = "RotateLeft", "RotateLeft\RotateLeft.csproj", "{2551BC0D-B7C3-400F-B41D-4B3554A5D905}"
EndProject
Project("{FAE04EC0-301F-11D3-BF4B-00C04F79EFBC}") = "MinimumSwap", "MinimumSwap\MinimumSwap.csproj", "{5CD3A6CD-D660-4F6D-B34B-BED12C1FA07C}"
EndProject
Global
	GlobalSection(SolutionConfigurationPlatforms) = preSolution
		Debug|Any CPU = Debug|Any CPU
		Release|Any CPU = Release|Any CPU
	EndGlobalSection
	GlobalSection(ProjectConfigurationPlatforms) = postSolution
		{2551BC0D-B7C3-400F-B41D-4B3554A5D905}.Debug|Any CPU.ActiveCfg = Debug|Any CPU
		{2551BC0D-B7C3-400F-B41D-4B3554A5D905}.Debug|Any CPU.Build.0 = Debug|Any CPU
		{2551BC0D-B7C3-400F-B41D-4B3554A5D905}.Release|Any CPU.ActiveCfg = Release|Any CPU
		{2551BC0D-B7C3-400F-B41D-4B3554A5D905}.Release|Any CPU.Build.0 = Release|Any CPU
		{5CD3A6CD-D660-4F6D-B34B-BED12C1FA07C}.Debug|Any CPU.ActiveCfg = Debug|Any CPU
		{5CD3A6CD-D660-4F6D-B34B-BED12C1FA07C}.Debug|Any CPU.Build.0 = Debug|Any CPU
		{5CD3A6CD-D660-4F6D-B34B-BED12C1FA07C}.Release|Any CPU.ActiveCfg = Release|Any CPU
		{5CD3A6CD-D660-4F6D-B34B-BED12C1FA07C}.Release|Any CPU.Build.0 = Release|Any CPU
	EndGlobalSection
	GlobalSection(SolutionProperties) = preSolution
		HideSolutionNode = FALSE
	EndGlobalSection
	GlobalSection(NestedProjects) = preSolution
		{2551BC0D-B7C3-400F-B41D-4B3554A5D905} = {A60187A9-5D8A-4F7C-A35F-EB6CBFFC30FC}
		{5CD3A6CD-D660-4F6D-B34B-BED12C1FA07C} = {A60187A9-5D8A-4F7C-A35F-EB6CBFFC30FC}
	EndGlobalSection
	GlobalSection(ExtensibilityGlobals) = postSolution
		SolutionGuid = {56A7B24B-1D67-4877-BF3B-35B33831656B}
	EndGlobalSection
EndGlobal
